
Microsoft Visual Studio Solution File, Format Version 12.00
# Visual Studio Version 17
VisualStudioVersion = 17.11.35327.3
MinimumVisualStudioVersion = 10.0.40219.1
Project("{9A19103F-16F7-4668-BE54-9A1E7A4F7556}") = "Ovotan.Windows.Controls", "Ovotan.Windows.Controls\Ovotan.Windows.Controls.csproj", "{CAFC5769-187C-47B7-A4E4-0FDCC5245909}"
EndProject
Project("{FAE04EC0-301F-11D3-BF4B-00C04F79EFBC}") = "Ovotan.Windows.Controls.TestApp", "Ovotan.Windows.Controls.TestApp\Ovotan.Windows.Controls.TestApp.csproj", "{C05153A1-15B4-4F22-862B-A0476CB0A00C}"
EndProject
Global
	GlobalSection(SolutionConfigurationPlatforms) = preSolution
		Debug|Any CPU = Debug|Any CPU
		Release|Any CPU = Release|Any CPU
	EndGlobalSection
	GlobalSection(ProjectConfigurationPlatforms) = postSolution
		{CAFC5769-187C-47B7-A4E4-0FDCC5245909}.Debug|Any CPU.ActiveCfg = Debug|Any CPU
		{CAFC5769-187C-47B7-A4E4-0FDCC5245909}.Debug|Any CPU.Build.0 = Debug|Any CPU
		{CAFC5769-187C-47B7-A4E4-0FDCC5245909}.Release|Any CPU.ActiveCfg = Release|Any CPU
		{CAFC5769-187C-47B7-A4E4-0FDCC5245909}.Release|Any CPU.Build.0 = Release|Any CPU
		{C05153A1-15B4-4F22-862B-A0476CB0A00C}.Debug|Any CPU.ActiveCfg = Debug|Any CPU
		{C05153A1-15B4-4F22-862B-A0476CB0A00C}.Debug|Any CPU.Build.0 = Debug|Any CPU
		{C05153A1-15B4-4F22-862B-A0476CB0A00C}.Release|Any CPU.ActiveCfg = Release|Any CPU
		{C05153A1-15B4-4F22-862B-A0476CB0A00C}.Release|Any CPU.Build.0 = Release|Any CPU
	EndGlobalSection
	GlobalSection(SolutionProperties) = preSolution
		HideSolutionNode = FALSE
	EndGlobalSection
	GlobalSection(ExtensibilityGlobals) = postSolution
		SolutionGuid = {E8227CAA-DC26-4F99-8689-79BFDEEE1889}
	EndGlobalSection
EndGlobal
